
Microsoft Visual Studio Solution File, Format Version 12.00
# Visual Studio Version 17
VisualStudioVersion = 17.9.34723.18
MinimumVisualStudioVersion = 10.0.40219.1
Project("{FAE04EC0-301F-11D3-BF4B-00C04F79EFBC}") = "HW_11_FractionGenerator", "HW_11_FractionGenerator\HW_11_FractionGenerator.csproj", "{147351AC-720B-4247-A8D3-55C8BCA55A4A}"
EndProject
Global
	GlobalSection(SolutionConfigurationPlatforms) = preSolution
		Debug|Any CPU = Debug|Any CPU
		Release|Any CPU = Release|Any CPU
	EndGlobalSection
	GlobalSection(ProjectConfigurationPlatforms) = postSolution
		{147351AC-720B-4247-A8D3-55C8BCA55A4A}.Debug|Any CPU.ActiveCfg = Debug|Any CPU
		{147351AC-720B-4247-A8D3-55C8BCA55A4A}.Debug|Any CPU.Build.0 = Debug|Any CPU
		{147351AC-720B-4247-A8D3-55C8BCA55A4A}.Release|Any CPU.ActiveCfg = Release|Any CPU
		{147351AC-720B-4247-A8D3-55C8BCA55A4A}.Release|Any CPU.Build.0 = Release|Any CPU
	EndGlobalSection
	GlobalSection(SolutionProperties) = preSolution
		HideSolutionNode = FALSE
	EndGlobalSection
	GlobalSection(ExtensibilityGlobals) = postSolution
		SolutionGuid = {F2AA5642-71B9-4C87-9B7F-81CC132FC246}
	EndGlobalSection
EndGlobal
